
Microsoft Visual Studio Solution File, Format Version 12.00
# Visual Studio Version 17
VisualStudioVersion = 17.7.34031.279
MinimumVisualStudioVersion = 10.0.40219.1
Project("{9A19103F-16F7-4668-BE54-9A1E7A4F7556}") = "4LAB", "4LAB\4LAB.csproj", "{34EBD1B7-AFFB-4F75-A6E4-451A8935DDFE}"
EndProject
Project("{FAE04EC0-301F-11D3-BF4B-00C04F79EFBC}") = "obj", "obj\obj.csproj", "{368562B7-EFA8-4352-9E0E-AF09D496CC6B}"
EndProject
Global
	GlobalSection(SolutionConfigurationPlatforms) = preSolution
		Debug|Any CPU = Debug|Any CPU
		Release|Any CPU = Release|Any CPU
	EndGlobalSection
	GlobalSection(ProjectConfigurationPlatforms) = postSolution
		{34EBD1B7-AFFB-4F75-A6E4-451A8935DDFE}.Debug|Any CPU.ActiveCfg = Debug|Any CPU
		{34EBD1B7-AFFB-4F75-A6E4-451A8935DDFE}.Debug|Any CPU.Build.0 = Debug|Any CPU
		{34EBD1B7-AFFB-4F75-A6E4-451A8935DDFE}.Release|Any CPU.ActiveCfg = Release|Any CPU
		{34EBD1B7-AFFB-4F75-A6E4-451A8935DDFE}.Release|Any CPU.Build.0 = Release|Any CPU
		{368562B7-EFA8-4352-9E0E-AF09D496CC6B}.Debug|Any CPU.ActiveCfg = Debug|Any CPU
		{368562B7-EFA8-4352-9E0E-AF09D496CC6B}.Debug|Any CPU.Build.0 = Debug|Any CPU
		{368562B7-EFA8-4352-9E0E-AF09D496CC6B}.Release|Any CPU.ActiveCfg = Release|Any CPU
		{368562B7-EFA8-4352-9E0E-AF09D496CC6B}.Release|Any CPU.Build.0 = Release|Any CPU
	EndGlobalSection
	GlobalSection(SolutionProperties) = preSolution
		HideSolutionNode = FALSE
	EndGlobalSection
	GlobalSection(ExtensibilityGlobals) = postSolution
		SolutionGuid = {F2C89C28-FEE7-4876-B7AA-019D30D9FF37}
	EndGlobalSection
EndGlobal
